// !$*UTF8*$!
{
	archiveVersion = 1;
	classes = {
	};
	objectVersion = 77;
	objects = {

/* Begin PBXContainerItemProxy section */
		94D43C142D36B5A60057AEF8 /* PBXContainerItemProxy */ = {
			isa = PBXContainerItemProxy;
			containerPortal = 94D43BFB2D36B5A50057AEF8 /* Project object */;
			proxyType = 1;
			remoteGlobalIDString = 94D43C022D36B5A50057AEF8;
			remoteInfo = Discollection;
		};
		94D43C1E2D36B5A60057AEF8 /* PBXContainerItemProxy */ = {
			isa = PBXContainerItemProxy;
			containerPortal = 94D43BFB2D36B5A50057AEF8 /* Project object */;
			proxyType = 1;
			remoteGlobalIDString = 94D43C022D36B5A50057AEF8;
			remoteInfo = Discollection;
		};
/* End PBXContainerItemProxy section */

/* Begin PBXFileReference section */
		94D43C032D36B5A50057AEF8 /* Discollection.app */ = {isa = PBXFileReference; explicitFileType = wrapper.application; includeInIndex = 0; path = Discollection.app; sourceTree = BUILT_PRODUCTS_DIR; };
		94D43C132D36B5A60057AEF8 /* DiscollectionTests.xctest */ = {isa = PBXFileReference; explicitFileType = wrapper.cfbundle; includeInIndex = 0; path = DiscollectionTests.xctest; sourceTree = BUILT_PRODUCTS_DIR; };
		94D43C1D2D36B5A60057AEF8 /* DiscollectionUITests.xctest */ = {isa = PBXFileReference; explicitFileType = wrapper.cfbundle; includeInIndex = 0; path = DiscollectionUITests.xctest; sourceTree = BUILT_PRODUCTS_DIR; };
/* End PBXFileReference section */

/* Begin PBXFileSystemSynchronizedRootGroup section */
		94D43C052D36B5A50057AEF8 /* Discollection */ = {
			isa = PBXFileSystemSynchronizedRootGroup;
			path = Discollection;
			sourceTree = "<group>";
		};
		94D43C162D36B5A60057AEF8 /* DiscollectionTests */ = {
			isa = PBXFileSystemSynchronizedRootGroup;
			path = DiscollectionTests;
			sourceTree = "<group>";
		};
		94D43C202D36B5A60057AEF8 /* DiscollectionUITests */ = {
			isa = PBXFileSystemSynchronizedRootGroup;
			path = DiscollectionUITests;
			sourceTree = "<group>";
		};
/* End PBXFileSystemSynchronizedRootGroup section */

/* Begin PBXFrameworksBuildPhase section */
		94D43C002D36B5A50057AEF8 /* Frameworks */ = {
			isa = PBXFrameworksBuildPhase;
			buildActionMask = 2147483647;
			files = (
			);
			runOnlyForDeploymentPostprocessing = 0;
		};
		94D43C102D36B5A60057AEF8 /* Frameworks */ = {
			isa = PBXFrameworksBuildPhase;
			buildActionMask = 2147483647;
			files = (
			);
			runOnlyForDeploymentPostprocessing = 0;
		};
		94D43C1A2D36B5A60057AEF8 /* Frameworks */ = {
			isa = PBXFrameworksBuildPhase;
			buildActionMask = 2147483647;
			files = (
			);
			runOnlyForDeploymentPostprocessing = 0;
		};
/* End PBXFrameworksBuildPhase section */

/* Begin PBXGroup section */
		94D43BFA2D36B5A50057AEF8 = {
			isa = PBXGroup;
			children = (
				94D43C052D36B5A50057AEF8 /* Discollection */,
				94D43C162D36B5A60057AEF8 /* DiscollectionTests */,
				94D43C202D36B5A60057AEF8 /* DiscollectionUITests */,
				94D43C042D36B5A50057AEF8 /* Products */,
			);
			sourceTree = "<group>";
		};
		94D43C042D36B5A50057AEF8 /* Products */ = {
			isa = PBXGroup;
			children = (
				94D43C032D36B5A50057AEF8 /* Discollection.app */,
				94D43C132D36B5A60057AEF8 /* DiscollectionTests.xctest */,
				94D43C1D2D36B5A60057AEF8 /* DiscollectionUITests.xctest */,
			);
			name = Products;
			sourceTree = "<group>";
		};
/* End PBXGroup section */

/* Begin PBXNativeTarget section */
		94D43C022D36B5A50057AEF8 /* Discollection */ = {
			isa = PBXNativeTarget;
			buildConfigurationList = 94D43C272D36B5A60057AEF8 /* Build configuration list for PBXNativeTarget "Discollection" */;
			buildPhases = (
				94D43BFF2D36B5A50057AEF8 /* Sources */,
				94D43C002D36B5A50057AEF8 /* Frameworks */,
				94D43C012D36B5A50057AEF8 /* Resources */,
			);
			buildRules = (
			);
			dependencies = (
			);
			fileSystemSynchronizedGroups = (
				94D43C052D36B5A50057AEF8 /* Discollection */,
			);
			name = Discollection;
			packageProductDependencies = (
			);
			productName = Discollection;
			productReference = 94D43C032D36B5A50057AEF8 /* Discollection.app */;
			productType = "com.apple.product-type.application";
		};
		94D43C122D36B5A60057AEF8 /* DiscollectionTests */ = {
			isa = PBXNativeTarget;
			buildConfigurationList = 94D43C2A2D36B5A60057AEF8 /* Build configuration list for PBXNativeTarget "DiscollectionTests" */;
			buildPhases = (
				94D43C0F2D36B5A60057AEF8 /* Sources */,
				94D43C102D36B5A60057AEF8 /* Frameworks */,
				94D43C112D36B5A60057AEF8 /* Resources */,
			);
			buildRules = (
			);
			dependencies = (
				94D43C152D36B5A60057AEF8 /* PBXTargetDependency */,
			);
			fileSystemSynchronizedGroups = (
				94D43C162D36B5A60057AEF8 /* DiscollectionTests */,
			);
			name = DiscollectionTests;
			packageProductDependencies = (
			);
			productName = DiscollectionTests;
			productReference = 94D43C132D36B5A60057AEF8 /* DiscollectionTests.xctest */;
			productType = "com.apple.product-type.bundle.unit-test";
		};
		94D43C1C2D36B5A60057AEF8 /* DiscollectionUITests */ = {
			isa = PBXNativeTarget;
			buildConfigurationList = 94D43C2D2D36B5A60057AEF8 /* Build configuration list for PBXNativeTarget "DiscollectionUITests" */;
			buildPhases = (
				94D43C192D36B5A60057AEF8 /* Sources */,
				94D43C1A2D36B5A60057AEF8 /* Frameworks */,
				94D43C1B2D36B5A60057AEF8 /* Resources */,
			);
			buildRules = (
			);
			dependencies = (
				94D43C1F2D36B5A60057AEF8 /* PBXTargetDependency */,
			);
			fileSystemSynchronizedGroups = (
				94D43C202D36B5A60057AEF8 /* DiscollectionUITests */,
			);
			name = DiscollectionUITests;
			packageProductDependencies = (
			);
			productName = DiscollectionUITests;
			productReference = 94D43C1D2D36B5A60057AEF8 /* DiscollectionUITests.xctest */;
			productType = "com.apple.product-type.bundle.ui-testing";
		};
/* End PBXNativeTarget section */

/* Begin PBXProject section */
		94D43BFB2D36B5A50057AEF8 /* Project object */ = {
			isa = PBXProject;
			attributes = {
				BuildIndependentTargetsInParallel = 1;
				LastSwiftUpdateCheck = 1620;
				LastUpgradeCheck = 1620;
				TargetAttributes = {
					94D43C022D36B5A50057AEF8 = {
						CreatedOnToolsVersion = 16.2;
					};
					94D43C122D36B5A60057AEF8 = {
						CreatedOnToolsVersion = 16.2;
						TestTargetID = 94D43C022D36B5A50057AEF8;
					};
					94D43C1C2D36B5A60057AEF8 = {
						CreatedOnToolsVersion = 16.2;
						TestTargetID = 94D43C022D36B5A50057AEF8;
					};
				};
			};
			buildConfigurationList = 94D43BFE2D36B5A50057AEF8 /* Build configuration list for PBXProject "Discollection" */;
			developmentRegion = en;
			hasScannedForEncodings = 0;
			knownRegions = (
				en,
				Base,
			);
			mainGroup = 94D43BFA2D36B5A50057AEF8;
			minimizedProjectReferenceProxies = 1;
			preferredProjectObjectVersion = 77;
			productRefGroup = 94D43C042D36B5A50057AEF8 /* Products */;
			projectDirPath = "";
			projectRoot = "";
			targets = (
				94D43C022D36B5A50057AEF8 /* Discollection */,
				94D43C122D36B5A60057AEF8 /* DiscollectionTests */,
				94D43C1C2D36B5A60057AEF8 /* DiscollectionUITests */,
			);
		};
/* End PBXProject section */

/* Begin PBXResourcesBuildPhase section */
		94D43C012D36B5A50057AEF8 /* Resources */ = {
			isa = PBXResourcesBuildPhase;
			buildActionMask = 2147483647;
			files = (
			);
			runOnlyForDeploymentPostprocessing = 0;
		};
		94D43C112D36B5A60057AEF8 /* Resources */ = {
			isa = PBXResourcesBuildPhase;
			buildActionMask = 2147483647;
			files = (
			);
			runOnlyForDeploymentPostprocessing = 0;
		};
		94D43C1B2D36B5A60057AEF8 /* Resources */ = {
			isa = PBXResourcesBuildPhase;
			buildActionMask = 2147483647;
			files = (
			);
			runOnlyForDeploymentPostprocessing = 0;
		};
/* End PBXResourcesBuildPhase section */

/* Begin PBXSourcesBuildPhase section */
		94D43BFF2D36B5A50057AEF8 /* Sources */ = {
			isa = PBXSourcesBuildPhase;
			buildActionMask = 2147483647;
			files = (
			);
			runOnlyForDeploymentPostprocessing = 0;
		};
		94D43C0F2D36B5A60057AEF8 /* Sources */ = {
			isa = PBXSourcesBuildPhase;
			buildActionMask = 2147483647;
			files = (
			);
			runOnlyForDeploymentPostprocessing = 0;
		};
		94D43C192D36B5A60057AEF8 /* Sources */ = {
			isa = PBXSourcesBuildPhase;
			buildActionMask = 2147483647;
			files = (
			);
			runOnlyForDeploymentPostprocessing = 0;
		};
/* End PBXSourcesBuildPhase section */

/* Begin PBXTargetDependency section */
		94D43C152D36B5A60057AEF8 /* PBXTargetDependency */ = {
			isa = PBXTargetDependency;
			target = 94D43C022D36B5A50057AEF8 /* Discollection */;
			targetProxy = 94D43C142D36B5A60057AEF8 /* PBXContainerItemProxy */;
		};
		94D43C1F2D36B5A60057AEF8 /* PBXTargetDependency */ = {
			isa = PBXTargetDependency;
			target = 94D43C022D36B5A50057AEF8 /* Discollection */;
			targetProxy = 94D43C1E2D36B5A60057AEF8 /* PBXContainerItemProxy */;
		};
/* End PBXTargetDependency section */

/* Begin XCBuildConfiguration section */
		94D43C252D36B5A60057AEF8 /* Debug */ = {
			isa = XCBuildConfiguration;
			buildSettings = {
				ALWAYS_SEARCH_USER_PATHS = NO;
				ASSETCATALOG_COMPILER_GENERATE_SWIFT_ASSET_SYMBOL_EXTENSIONS = YES;
				CLANG_ANALYZER_NONNULL = YES;
				CLANG_ANALYZER_NUMBER_OBJECT_CONVERSION = YES_AGGRESSIVE;
				CLANG_CXX_LANGUAGE_STANDARD = "gnu++20";
				CLANG_ENABLE_MODULES = YES;
				CLANG_ENABLE_OBJC_ARC = YES;
				CLANG_ENABLE_OBJC_WEAK = YES;
				CLANG_WARN_BLOCK_CAPTURE_AUTORELEASING = YES;
				CLANG_WARN_BOOL_CONVERSION = YES;
				CLANG_WARN_COMMA = YES;
				CLANG_WARN_CONSTANT_CONVERSION = YES;
				CLANG_WARN_DEPRECATED_OBJC_IMPLEMENTATIONS = YES;
				CLANG_WARN_DIRECT_OBJC_ISA_USAGE = YES_ERROR;
				CLANG_WARN_DOCUMENTATION_COMMENTS = YES;
				CLANG_WARN_EMPTY_BODY = YES;
				CLANG_WARN_ENUM_CONVERSION = YES;
				CLANG_WARN_INFINITE_RECURSION = YES;
				CLANG_WARN_INT_CONVERSION = YES;
				CLANG_WARN_NON_LITERAL_NULL_CONVERSION = YES;
				CLANG_WARN_OBJC_IMPLICIT_RETAIN_SELF = YES;
				CLANG_WARN_OBJC_LITERAL_CONVERSION = YES;
				CLANG_WARN_OBJC_ROOT_CLASS = YES_ERROR;
				CLANG_WARN_QUOTED_INCLUDE_IN_FRAMEWORK_HEADER = YES;
				CLANG_WARN_RANGE_LOOP_ANALYSIS = YES;
				CLANG_WARN_STRICT_PROTOTYPES = YES;
				CLANG_WARN_SUSPICIOUS_MOVE = YES;
				CLANG_WARN_UNGUARDED_AVAILABILITY = YES_AGGRESSIVE;
				CLANG_WARN_UNREACHABLE_CODE = YES;
				CLANG_WARN__DUPLICATE_METHOD_MATCH = YES;
				COPY_PHASE_STRIP = NO;
				DEBUG_INFORMATION_FORMAT = dwarf;
				ENABLE_STRICT_OBJC_MSGSEND = YES;
				ENABLE_TESTABILITY = YES;
				ENABLE_USER_SCRIPT_SANDBOXING = YES;
				GCC_C_LANGUAGE_STANDARD = gnu17;
				GCC_DYNAMIC_NO_PIC = NO;
				GCC_NO_COMMON_BLOCKS = YES;
				GCC_OPTIMIZATION_LEVEL = 0;
				GCC_PREPROCESSOR_DEFINITIONS = (
					"DEBUG=1",
					"$(inherited)",
				);
				GCC_WARN_64_TO_32_BIT_CONVERSION = YES;
				GCC_WARN_ABOUT_RETURN_TYPE = YES_ERROR;
				GCC_WARN_UNDECLARED_SELECTOR = YES;
				GCC_WARN_UNINITIALIZED_AUTOS = YES_AGGRESSIVE;
				GCC_WARN_UNUSED_FUNCTION = YES;
				GCC_WARN_UNUSED_VARIABLE = YES;
				IPHONEOS_DEPLOYMENT_TARGET = 18.2;
				LOCALIZATION_PREFERS_STRING_CATALOGS = YES;
				MTL_ENABLE_DEBUG_INFO = INCLUDE_SOURCE;
				MTL_FAST_MATH = YES;
				ONLY_ACTIVE_ARCH = YES;
				SDKROOT = iphoneos;
				SWIFT_ACTIVE_COMPILATION_CONDITIONS = "DEBUG $(inherited)";
				SWIFT_OPTIMIZATION_LEVEL = "-Onone";
			};
			name = Debug;
		};
		94D43C262D36B5A60057AEF8 /* Release */ = {
			isa = XCBuildConfiguration;
			buildSettings = {
				ALWAYS_SEARCH_USER_PATHS = NO;
				ASSETCATALOG_COMPILER_GENERATE_SWIFT_ASSET_SYMBOL_EXTENSIONS = YES;
				CLANG_ANALYZER_NONNULL = YES;
				CLANG_ANALYZER_NUMBER_OBJECT_CONVERSION = YES_AGGRESSIVE;
				CLANG_CXX_LANGUAGE_STANDARD = "gnu++20";
				CLANG_ENABLE_MODULES = YES;
				CLANG_ENABLE_OBJC_ARC = YES;
				CLANG_ENABLE_OBJC_WEAK = YES;
				CLANG_WARN_BLOCK_CAPTURE_AUTORELEASING = YES;
				CLANG_WARN_BOOL_CONVERSION = YES;
				CLANG_WARN_COMMA = YES;
				CLANG_WARN_CONSTANT_CONVERSION = YES;
				CLANG_WARN_DEPRECATED_OBJC_IMPLEMENTATIONS = YES;
				CLANG_WARN_DIRECT_OBJC_ISA_USAGE = YES_ERROR;
				CLANG_WARN_DOCUMENTATION_COMMENTS = YES;
				CLANG_WARN_EMPTY_BODY = YES;
				CLANG_WARN_ENUM_CONVERSION = YES;
				CLANG_WARN_INFINITE_RECURSION = YES;
				CLANG_WARN_INT_CONVERSION = YES;
				CLANG_WARN_NON_LITERAL_NULL_CONVERSION = YES;
				CLANG_WARN_OBJC_IMPLICIT_RETAIN_SELF = YES;
				CLANG_WARN_OBJC_LITERAL_CONVERSION = YES;
				CLANG_WARN_OBJC_ROOT_CLASS = YES_ERROR;
				CLANG_WARN_QUOTED_INCLUDE_IN_FRAMEWORK_HEADER = YES;
				CLANG_WARN_RANGE_LOOP_ANALYSIS = YES;
				CLANG_WARN_STRICT_PROTOTYPES = YES;
				CLANG_WARN_SUSPICIOUS_MOVE = YES;
				CLANG_WARN_UNGUARDED_AVAILABILITY = YES_AGGRESSIVE;
				CLANG_WARN_UNREACHABLE_CODE = YES;
				CLANG_WARN__DUPLICATE_METHOD_MATCH = YES;
				COPY_PHASE_STRIP = NO;
				DEBUG_INFORMATION_FORMAT = "dwarf-with-dsym";
				ENABLE_NS_ASSERTIONS = NO;
				ENABLE_STRICT_OBJC_MSGSEND = YES;
				ENABLE_USER_SCRIPT_SANDBOXING = YES;
				GCC_C_LANGUAGE_STANDARD = gnu17;
				GCC_NO_COMMON_BLOCKS = YES;
				GCC_WARN_64_TO_32_BIT_CONVERSION = YES;
				GCC_WARN_ABOUT_RETURN_TYPE = YES_ERROR;
				GCC_WARN_UNDECLARED_SELECTOR = YES;
				GCC_WARN_UNINITIALIZED_AUTOS = YES_AGGRESSIVE;
				GCC_WARN_UNUSED_FUNCTION = YES;
				GCC_WARN_UNUSED_VARIABLE = YES;
				IPHONEOS_DEPLOYMENT_TARGET = 18.2;
				LOCALIZATION_PREFERS_STRING_CATALOGS = YES;
				MTL_ENABLE_DEBUG_INFO = NO;
				MTL_FAST_MATH = YES;
				SDKROOT = iphoneos;
				SWIFT_COMPILATION_MODE = wholemodule;
				VALIDATE_PRODUCT = YES;
			};
			name = Release;
		};
		94D43C282D36B5A60057AEF8 /* Debug */ = {
			isa = XCBuildConfiguration;
			buildSettings = {
				ASSETCATALOG_COMPILER_APPICON_NAME = AppIcon;
				ASSETCATALOG_COMPILER_GLOBAL_ACCENT_COLOR_NAME = AccentColor;
				CODE_SIGN_STYLE = Automatic;
				CURRENT_PROJECT_VERSION = 1;
				DEVELOPMENT_ASSET_PATHS = "\"Discollection/Preview Content\"";
				DEVELOPMENT_TEAM = BGFN7HZ728;
				ENABLE_PREVIEWS = YES;
				GENERATE_INFOPLIST_FILE = YES;
				INFOPLIST_KEY_UIApplicationSceneManifest_Generation = YES;
				INFOPLIST_KEY_UIApplicationSupportsIndirectInputEvents = YES;
				INFOPLIST_KEY_UILaunchScreen_Generation = YES;
				INFOPLIST_KEY_UISupportedInterfaceOrientations_iPad = "UIInterfaceOrientationPortrait UIInterfaceOrientationPortraitUpsideDown UIInterfaceOrientationLandscapeLeft UIInterfaceOrientationLandscapeRight";
				INFOPLIST_KEY_UISupportedInterfaceOrientations_iPhone = "UIInterfaceOrientationPortrait UIInterfaceOrientationLandscapeLeft UIInterfaceOrientationLandscapeRight";
				LD_RUNPATH_SEARCH_PATHS = (
					"$(inherited)",
					"@executable_path/Frameworks",
				);
				MARKETING_VERSION = 1.0;
				PRODUCT_BUNDLE_IDENTIFIER = discollection.Discollection;
				PRODUCT_NAME = "$(TARGET_NAME)";
				SWIFT_EMIT_LOC_STRINGS = YES;
				SWIFT_VERSION = 5.0;
				TARGETED_DEVICE_FAMILY = "1,2";
			};
			name = Debug;
		};
		94D43C292D36B5A60057AEF8 /* Release */ = {
			isa = XCBuildConfiguration;
			buildSettings = {
				ASSETCATALOG_COMPILER_APPICON_NAME = AppIcon;
				ASSETCATALOG_COMPILER_GLOBAL_ACCENT_COLOR_NAME = AccentColor;
				CODE_SIGN_STYLE = Automatic;
				CURRENT_PROJECT_VERSION = 1;
				DEVELOPMENT_ASSET_PATHS = "\"Discollection/Preview Content\"";
				DEVELOPMENT_TEAM = BGFN7HZ728;
				ENABLE_PREVIEWS = YES;
				GENERATE_INFOPLIST_FILE = YES;
				INFOPLIST_KEY_UIApplicationSceneManifest_Generation = YES;
				INFOPLIST_KEY_UIApplicationSupportsIndirectInputEvents = YES;
				INFOPLIST_KEY_UILaunchScreen_Generation = YES;
				INFOPLIST_KEY_UISupportedInterfaceOrientations_iPad = "UIInterfaceOrientationPortrait UIInterfaceOrientationPortraitUpsideDown UIInterfaceOrientationLandscapeLeft UIInterfaceOrientationLandscapeRight";
				INFOPLIST_KEY_UISupportedInterfaceOrientations_iPhone = "UIInterfaceOrientationPortrait UIInterfaceOrientationLandscapeLeft UIInterfaceOrientationLandscapeRight";
				LD_RUNPATH_SEARCH_PATHS = (
					"$(inherited)",
					"@executable_path/Frameworks",
				);
				MARKETING_VERSION = 1.0;
				PRODUCT_BUNDLE_IDENTIFIER = discollection.Discollection;
				PRODUCT_NAME = "$(TARGET_NAME)";
				SWIFT_EMIT_LOC_STRINGS = YES;
				SWIFT_VERSION = 5.0;
				TARGETED_DEVICE_FAMILY = "1,2";
			};
			name = Release;
		};
		94D43C2B2D36B5A60057AEF8 /* Debug */ = {
			isa = XCBuildConfiguration;
			buildSettings = {
				BUNDLE_LOADER = "$(TEST_HOST)";
				CODE_SIGN_STYLE = Automatic;
				CURRENT_PROJECT_VERSION = 1;
				DEVELOPMENT_TEAM = BGFN7HZ728;
				GENERATE_INFOPLIST_FILE = YES;
				IPHONEOS_DEPLOYMENT_TARGET = 18.2;
				MARKETING_VERSION = 1.0;
				PRODUCT_BUNDLE_IDENTIFIER = discollection.DiscollectionTests;
				PRODUCT_NAME = "$(TARGET_NAME)";
				SWIFT_EMIT_LOC_STRINGS = NO;
				SWIFT_VERSION = 5.0;
				TARGETED_DEVICE_FAMILY = "1,2";
				TEST_HOST = "$(BUILT_PRODUCTS_DIR)/Discollection.app/$(BUNDLE_EXECUTABLE_FOLDER_PATH)/Discollection";
			};
			name = Debug;
		};
		94D43C2C2D36B5A60057AEF8 /* Release */ = {
			isa = XCBuildConfiguration;
			buildSettings = {
				BUNDLE_LOADER = "$(TEST_HOST)";
				CODE_SIGN_STYLE = Automatic;
				CURRENT_PROJECT_VERSION = 1;
				DEVELOPMENT_TEAM = BGFN7HZ728;
				GENERATE_INFOPLIST_FILE = YES;
				IPHONEOS_DEPLOYMENT_TARGET = 18.2;
				MARKETING_VERSION = 1.0;
				PRODUCT_BUNDLE_IDENTIFIER = discollection.DiscollectionTests;
				PRODUCT_NAME = "$(TARGET_NAME)";
				SWIFT_EMIT_LOC_STRINGS = NO;
				SWIFT_VERSION = 5.0;
				TARGETED_DEVICE_FAMILY = "1,2";
				TEST_HOST = "$(BUILT_PRODUCTS_DIR)/Discollection.app/$(BUNDLE_EXECUTABLE_FOLDER_PATH)/Discollection";
			};
			name = Release;
		};
		94D43C2E2D36B5A60057AEF8 /* Debug */ = {
			isa = XCBuildConfiguration;
			buildSettings = {
				CODE_SIGN_STYLE = Automatic;
				CURRENT_PROJECT_VERSION = 1;
				DEVELOPMENT_TEAM = BGFN7HZ728;
				GENERATE_INFOPLIST_FILE = YES;
				MARKETING_VERSION = 1.0;
				PRODUCT_BUNDLE_IDENTIFIER = discollection.DiscollectionUITests;
				PRODUCT_NAME = "$(TARGET_NAME)";
				SWIFT_EMIT_LOC_STRINGS = NO;
				SWIFT_VERSION = 5.0;
				TARGETED_DEVICE_FAMILY = "1,2";
				TEST_TARGET_NAME = Discollection;
			};
			name = Debug;
		};
		94D43C2F2D36B5A60057AEF8 /* Release */ = {
			isa = XCBuildConfiguration;
			buildSettings = {
				CODE_SIGN_STYLE = Automatic;
				CURRENT_PROJECT_VERSION = 1;
				DEVELOPMENT_TEAM = BGFN7HZ728;
				GENERATE_INFOPLIST_FILE = YES;
				MARKETING_VERSION = 1.0;
				PRODUCT_BUNDLE_IDENTIFIER = discollection.DiscollectionUITests;
				PRODUCT_NAME = "$(TARGET_NAME)";
				SWIFT_EMIT_LOC_STRINGS = NO;
				SWIFT_VERSION = 5.0;
				TARGETED_DEVICE_FAMILY = "1,2";
				TEST_TARGET_NAME = Discollection;
			};
			name = Release;
		};
/* End XCBuildConfiguration section */

/* Begin XCConfigurationList section */
		94D43BFE2D36B5A50057AEF8 /* Build configuration list for PBXProject "Discollection" */ = {
			isa = XCConfigurationList;
			buildConfigurations = (
				94D43C252D36B5A60057AEF8 /* Debug */,
				94D43C262D36B5A60057AEF8 /* Release */,
			);
			defaultConfigurationIsVisible = 0;
			defaultConfigurationName = Release;
		};
		94D43C272D36B5A60057AEF8 /* Build configuration list for PBXNativeTarget "Discollection" */ = {
			isa = XCConfigurationList;
			buildConfigurations = (
				94D43C282D36B5A60057AEF8 /* Debug */,
				94D43C292D36B5A60057AEF8 /* Release */,
			);
			defaultConfigurationIsVisible = 0;
			defaultConfigurationName = Release;
		};
		94D43C2A2D36B5A60057AEF8 /* Build configuration list for PBXNativeTarget "DiscollectionTests" */ = {
			isa = XCConfigurationList;
			buildConfigurations = (
				94D43C2B2D36B5A60057AEF8 /* Debug */,
				94D43C2C2D36B5A60057AEF8 /* Release */,
			);
			defaultConfigurationIsVisible = 0;
			defaultConfigurationName = Release;
		};
		94D43C2D2D36B5A60057AEF8 /* Build configuration list for PBXNativeTarget "DiscollectionUITests" */ = {
			isa = XCConfigurationList;
			buildConfigurations = (
				94D43C2E2D36B5A60057AEF8 /* Debug */,
				94D43C2F2D36B5A60057AEF8 /* Release */,
			);
			defaultConfigurationIsVisible = 0;
			defaultConfigurationName = Release;
		};
/* End XCConfigurationList section */
	};
	rootObject = 94D43BFB2D36B5A50057AEF8 /* Project object */;
}
